
Microsoft Visual Studio Solution File, Format Version 12.00
Project("{FAE04EC0-301F-11D3-BF4B-00C04F79EFBC}") = "Server", "Server\Server.csproj", "{53CCC36C-730C-49C9-9CD7-1D8A0F6C6C59}"
EndProject
Project("{FAE04EC0-301F-11D3-BF4B-00C04F79EFBC}") = "AppClient", "AppClient\AppClient.csproj", "{68F0A7AF-92FA-424D-BD5A-F7F08B037E2C}"
EndProject
Global
	GlobalSection(SolutionConfigurationPlatforms) = preSolution
		Debug|Any CPU = Debug|Any CPU
		Release|Any CPU = Release|Any CPU
	EndGlobalSection
	GlobalSection(ProjectConfigurationPlatforms) = postSolution
		{53CCC36C-730C-49C9-9CD7-1D8A0F6C6C59}.Debug|Any CPU.ActiveCfg = Debug|Any CPU
		{53CCC36C-730C-49C9-9CD7-1D8A0F6C6C59}.Debug|Any CPU.Build.0 = Debug|Any CPU
		{53CCC36C-730C-49C9-9CD7-1D8A0F6C6C59}.Release|Any CPU.ActiveCfg = Release|Any CPU
		{53CCC36C-730C-49C9-9CD7-1D8A0F6C6C59}.Release|Any CPU.Build.0 = Release|Any CPU
		{68F0A7AF-92FA-424D-BD5A-F7F08B037E2C}.Debug|Any CPU.ActiveCfg = Debug|Any CPU
		{68F0A7AF-92FA-424D-BD5A-F7F08B037E2C}.Debug|Any CPU.Build.0 = Debug|Any CPU
		{68F0A7AF-92FA-424D-BD5A-F7F08B037E2C}.Release|Any CPU.ActiveCfg = Release|Any CPU
		{68F0A7AF-92FA-424D-BD5A-F7F08B037E2C}.Release|Any CPU.Build.0 = Release|Any CPU
	EndGlobalSection
EndGlobal
